
Microsoft Visual Studio Solution File, Format Version 12.00
# Visual Studio 15
Project("{FAE04EC0-301F-11D3-BF4B-00C04F79EFBC}") = "MakeChange", "MakeChange.csproj", "{63C433C7-4550-4554-99B7-970E374D04EC}"
EndProject
Global
	GlobalSection(SolutionConfigurationPlatforms) = preSolution
		Debug|anycpu = Debug|anycpu
		Release|anycpu = Release|anycpu
	EndGlobalSection
	GlobalSection(ProjectConfigurationPlatforms) = postSolution
		{63C433C7-4550-4554-99B7-970E374D04EC}.Debug|anycpu.ActiveCfg = Debug|anycpu
		{63C433C7-4550-4554-99B7-970E374D04EC}.Debug|anycpu.Build.0 = Debug|anycpu
		{63C433C7-4550-4554-99B7-970E374D04EC}.Release|anycpu.ActiveCfg = Release|anycpu
		{63C433C7-4550-4554-99B7-970E374D04EC}.Release|anycpu.Build.0 = Release|anycpu
	EndGlobalSection
EndGlobal
